
Microsoft Visual Studio Solution File, Format Version 12.00
# Visual Studio Version 17
VisualStudioVersion = 17.13.35931.197
MinimumVisualStudioVersion = 10.0.40219.1
Project("{FAE04EC0-301F-11D3-BF4B-00C04F79EFBC}") = "PlatformAPI", "PlatformAPI.csproj", "{58915EA0-E7E3-4E65-B414-60C5E6C182D6}"
EndProject
Project("{FAE04EC0-301F-11D3-BF4B-00C04F79EFBC}") = "PlatformAPI.Tests", "..\PlatformAPI.Tests\PlatformAPI.Tests.csproj", "{7D3E0C7D-E269-4C1A-927B-45070A2D5067}"
EndProject
Global
	GlobalSection(SolutionConfigurationPlatforms) = preSolution
		Debug|Any CPU = Debug|Any CPU
		Debug|x64 = Debug|x64
		Debug|x86 = Debug|x86
		Release|Any CPU = Release|Any CPU
		Release|x64 = Release|x64
		Release|x86 = Release|x86
	EndGlobalSection
	GlobalSection(ProjectConfigurationPlatforms) = postSolution
		{58915EA0-E7E3-4E65-B414-60C5E6C182D6}.Debug|Any CPU.ActiveCfg = Debug|Any CPU
		{58915EA0-E7E3-4E65-B414-60C5E6C182D6}.Debug|Any CPU.Build.0 = Debug|Any CPU
		{58915EA0-E7E3-4E65-B414-60C5E6C182D6}.Debug|x64.ActiveCfg = Debug|Any CPU
		{58915EA0-E7E3-4E65-B414-60C5E6C182D6}.Debug|x64.Build.0 = Debug|Any CPU
		{58915EA0-E7E3-4E65-B414-60C5E6C182D6}.Debug|x86.ActiveCfg = Debug|Any CPU
		{58915EA0-E7E3-4E65-B414-60C5E6C182D6}.Debug|x86.Build.0 = Debug|Any CPU
		{58915EA0-E7E3-4E65-B414-60C5E6C182D6}.Release|Any CPU.ActiveCfg = Release|Any CPU
		{58915EA0-E7E3-4E65-B414-60C5E6C182D6}.Release|Any CPU.Build.0 = Release|Any CPU
		{58915EA0-E7E3-4E65-B414-60C5E6C182D6}.Release|x64.ActiveCfg = Release|Any CPU
		{58915EA0-E7E3-4E65-B414-60C5E6C182D6}.Release|x64.Build.0 = Release|Any CPU
		{58915EA0-E7E3-4E65-B414-60C5E6C182D6}.Release|x86.ActiveCfg = Release|Any CPU
		{58915EA0-E7E3-4E65-B414-60C5E6C182D6}.Release|x86.Build.0 = Release|Any CPU
		{7D3E0C7D-E269-4C1A-927B-45070A2D5067}.Debug|Any CPU.ActiveCfg = Debug|Any CPU
		{7D3E0C7D-E269-4C1A-927B-45070A2D5067}.Debug|Any CPU.Build.0 = Debug|Any CPU
		{7D3E0C7D-E269-4C1A-927B-45070A2D5067}.Debug|x64.ActiveCfg = Debug|Any CPU
		{7D3E0C7D-E269-4C1A-927B-45070A2D5067}.Debug|x64.Build.0 = Debug|Any CPU
		{7D3E0C7D-E269-4C1A-927B-45070A2D5067}.Debug|x86.ActiveCfg = Debug|Any CPU
		{7D3E0C7D-E269-4C1A-927B-45070A2D5067}.Debug|x86.Build.0 = Debug|Any CPU
		{7D3E0C7D-E269-4C1A-927B-45070A2D5067}.Release|Any CPU.ActiveCfg = Release|Any CPU
		{7D3E0C7D-E269-4C1A-927B-45070A2D5067}.Release|Any CPU.Build.0 = Release|Any CPU
		{7D3E0C7D-E269-4C1A-927B-45070A2D5067}.Release|x64.ActiveCfg = Release|Any CPU
		{7D3E0C7D-E269-4C1A-927B-45070A2D5067}.Release|x64.Build.0 = Release|Any CPU
		{7D3E0C7D-E269-4C1A-927B-45070A2D5067}.Release|x86.ActiveCfg = Release|Any CPU
		{7D3E0C7D-E269-4C1A-927B-45070A2D5067}.Release|x86.Build.0 = Release|Any CPU
	EndGlobalSection
	GlobalSection(SolutionProperties) = preSolution
		HideSolutionNode = FALSE
	EndGlobalSection
	GlobalSection(ExtensibilityGlobals) = postSolution
		SolutionGuid = {B13C1248-7F33-4780-98A5-7E0E23244DD8}
	EndGlobalSection
EndGlobal
